
Microsoft Visual Studio Solution File, Format Version 12.00
# Visual Studio Version 17
VisualStudioVersion = 17.1.32319.34
MinimumVisualStudioVersion = 10.0.40219.1
Project("{9A19103F-16F7-4668-BE54-9A1E7A4F7556}") = "MySocialNetwork.WebUI", "MySocialNetwork.WebUI\MySocialNetwork.WebUI.csproj", "{A0F7C13F-48B2-4537-8AA7-05D4D33453C7}"
EndProject
Project("{9A19103F-16F7-4668-BE54-9A1E7A4F7556}") = "MySocialNetwork.Domain", "MySocialNetwork.Domain\MySocialNetwork.Domain.csproj", "{8D09EA45-6FD2-401D-8DF1-11B7BD8C1B10}"
EndProject
Project("{9A19103F-16F7-4668-BE54-9A1E7A4F7556}") = "MySocialNetwork.Application", "MySocialNetwork.Application\MySocialNetwork.Application.csproj", "{1A458FDA-B1C6-485B-A26F-C7F75B7F7474}"
EndProject
Project("{9A19103F-16F7-4668-BE54-9A1E7A4F7556}") = "MySocialNetwork.Infra.Data", "MySocialNetwork.Infra.Data\MySocialNetwork.Infra.Data.csproj", "{3D2AEFD6-906B-480B-9AF1-0D35865AEBE2}"
EndProject
Project("{9A19103F-16F7-4668-BE54-9A1E7A4F7556}") = "MySocialNetwork.Infra.IoC", "MySocialNetwork.Infra.IoC\MySocialNetwork.Infra.IoC.csproj", "{4F9C4792-9F14-42F1-9B92-F5DA3A2C3AA3}"
EndProject
Project("{9A19103F-16F7-4668-BE54-9A1E7A4F7556}") = "MySocialNetwork.API", "MySocialNetwork.API\MySocialNetwork.API.csproj", "{BFC99EE5-05D4-429A-AC43-0340BB2EFC8D}"
EndProject
Project("{2150E333-8FDC-42A3-9474-1A3956D46DE8}") = "Utilities", "Utilities", "{14CACA18-1BA9-4FA5-B62A-08B540B7487D}"
EndProject
Project("{FAE04EC0-301F-11D3-BF4B-00C04F79EFBC}") = "FormController.UI", "FormController.UI\FormController.UI.csproj", "{F59D60E0-F341-4495-B443-F0B6D1160AEE}"
EndProject
Global
	GlobalSection(SolutionConfigurationPlatforms) = preSolution
		Debug|Any CPU = Debug|Any CPU
		Release|Any CPU = Release|Any CPU
	EndGlobalSection
	GlobalSection(ProjectConfigurationPlatforms) = postSolution
		{A0F7C13F-48B2-4537-8AA7-05D4D33453C7}.Debug|Any CPU.ActiveCfg = Debug|Any CPU
		{A0F7C13F-48B2-4537-8AA7-05D4D33453C7}.Debug|Any CPU.Build.0 = Debug|Any CPU
		{A0F7C13F-48B2-4537-8AA7-05D4D33453C7}.Release|Any CPU.ActiveCfg = Release|Any CPU
		{A0F7C13F-48B2-4537-8AA7-05D4D33453C7}.Release|Any CPU.Build.0 = Release|Any CPU
		{8D09EA45-6FD2-401D-8DF1-11B7BD8C1B10}.Debug|Any CPU.ActiveCfg = Debug|Any CPU
		{8D09EA45-6FD2-401D-8DF1-11B7BD8C1B10}.Debug|Any CPU.Build.0 = Debug|Any CPU
		{8D09EA45-6FD2-401D-8DF1-11B7BD8C1B10}.Release|Any CPU.ActiveCfg = Release|Any CPU
		{8D09EA45-6FD2-401D-8DF1-11B7BD8C1B10}.Release|Any CPU.Build.0 = Release|Any CPU
		{1A458FDA-B1C6-485B-A26F-C7F75B7F7474}.Debug|Any CPU.ActiveCfg = Debug|Any CPU
		{1A458FDA-B1C6-485B-A26F-C7F75B7F7474}.Debug|Any CPU.Build.0 = Debug|Any CPU
		{1A458FDA-B1C6-485B-A26F-C7F75B7F7474}.Release|Any CPU.ActiveCfg = Release|Any CPU
		{1A458FDA-B1C6-485B-A26F-C7F75B7F7474}.Release|Any CPU.Build.0 = Release|Any CPU
		{3D2AEFD6-906B-480B-9AF1-0D35865AEBE2}.Debug|Any CPU.ActiveCfg = Debug|Any CPU
		{3D2AEFD6-906B-480B-9AF1-0D35865AEBE2}.Debug|Any CPU.Build.0 = Debug|Any CPU
		{3D2AEFD6-906B-480B-9AF1-0D35865AEBE2}.Release|Any CPU.ActiveCfg = Release|Any CPU
		{3D2AEFD6-906B-480B-9AF1-0D35865AEBE2}.Release|Any CPU.Build.0 = Release|Any CPU
		{4F9C4792-9F14-42F1-9B92-F5DA3A2C3AA3}.Debug|Any CPU.ActiveCfg = Debug|Any CPU
		{4F9C4792-9F14-42F1-9B92-F5DA3A2C3AA3}.Debug|Any CPU.Build.0 = Debug|Any CPU
		{4F9C4792-9F14-42F1-9B92-F5DA3A2C3AA3}.Release|Any CPU.ActiveCfg = Release|Any CPU
		{4F9C4792-9F14-42F1-9B92-F5DA3A2C3AA3}.Release|Any CPU.Build.0 = Release|Any CPU
		{BFC99EE5-05D4-429A-AC43-0340BB2EFC8D}.Debug|Any CPU.ActiveCfg = Debug|Any CPU
		{BFC99EE5-05D4-429A-AC43-0340BB2EFC8D}.Debug|Any CPU.Build.0 = Debug|Any CPU
		{BFC99EE5-05D4-429A-AC43-0340BB2EFC8D}.Release|Any CPU.ActiveCfg = Release|Any CPU
		{BFC99EE5-05D4-429A-AC43-0340BB2EFC8D}.Release|Any CPU.Build.0 = Release|Any CPU
		{F59D60E0-F341-4495-B443-F0B6D1160AEE}.Debug|Any CPU.ActiveCfg = Debug|Any CPU
		{F59D60E0-F341-4495-B443-F0B6D1160AEE}.Debug|Any CPU.Build.0 = Debug|Any CPU
		{F59D60E0-F341-4495-B443-F0B6D1160AEE}.Release|Any CPU.ActiveCfg = Release|Any CPU
		{F59D60E0-F341-4495-B443-F0B6D1160AEE}.Release|Any CPU.Build.0 = Release|Any CPU
	EndGlobalSection
	GlobalSection(SolutionProperties) = preSolution
		HideSolutionNode = FALSE
	EndGlobalSection
	GlobalSection(NestedProjects) = preSolution
		{F59D60E0-F341-4495-B443-F0B6D1160AEE} = {14CACA18-1BA9-4FA5-B62A-08B540B7487D}
	EndGlobalSection
	GlobalSection(ExtensibilityGlobals) = postSolution
		SolutionGuid = {95A32C79-A728-4265-86C1-D08B84B04CE5}
	EndGlobalSection
EndGlobal
